
Microsoft Visual Studio Solution File, Format Version 12.00
# Visual Studio Version 17
VisualStudioVersion = 17.11.35208.52
MinimumVisualStudioVersion = 10.0.40219.1
Project("{FAE04EC0-301F-11D3-BF4B-00C04F79EFBC}") = "Simple-library-management-system", "Simple-library-management-system\Simple-library-management-system.csproj", "{449AE861-4569-4CEF-B5C7-CF08CC20AC7C}"
EndProject
Global
	GlobalSection(SolutionConfigurationPlatforms) = preSolution
		Debug|Any CPU = Debug|Any CPU
		Release|Any CPU = Release|Any CPU
	EndGlobalSection
	GlobalSection(ProjectConfigurationPlatforms) = postSolution
		{449AE861-4569-4CEF-B5C7-CF08CC20AC7C}.Debug|Any CPU.ActiveCfg = Debug|Any CPU
		{449AE861-4569-4CEF-B5C7-CF08CC20AC7C}.Debug|Any CPU.Build.0 = Debug|Any CPU
		{449AE861-4569-4CEF-B5C7-CF08CC20AC7C}.Release|Any CPU.ActiveCfg = Release|Any CPU
		{449AE861-4569-4CEF-B5C7-CF08CC20AC7C}.Release|Any CPU.Build.0 = Release|Any CPU
	EndGlobalSection
	GlobalSection(SolutionProperties) = preSolution
		HideSolutionNode = FALSE
	EndGlobalSection
	GlobalSection(ExtensibilityGlobals) = postSolution
		SolutionGuid = {5E649672-3CA2-4334-97DB-0D75A3260BE7}
	EndGlobalSection
EndGlobal
